
Microsoft Visual Studio Solution File, Format Version 12.00
# Visual Studio Version 17
VisualStudioVersion = 17.5.002.0
MinimumVisualStudioVersion = 10.0.40219.1
Project("{9A19103F-16F7-4668-BE54-9A1E7A4F7556}") = "TheSupportTicketSystem.Web", "TheSupportTicketSystem.Web.csproj", "{ECAB2B9F-5ACB-4688-8A76-A5E9F560FF1C}"
EndProject
Global
	GlobalSection(SolutionConfigurationPlatforms) = preSolution
		Debug|Any CPU = Debug|Any CPU
		Release|Any CPU = Release|Any CPU
	EndGlobalSection
	GlobalSection(ProjectConfigurationPlatforms) = postSolution
		{ECAB2B9F-5ACB-4688-8A76-A5E9F560FF1C}.Debug|Any CPU.ActiveCfg = Debug|Any CPU
		{ECAB2B9F-5ACB-4688-8A76-A5E9F560FF1C}.Debug|Any CPU.Build.0 = Debug|Any CPU
		{ECAB2B9F-5ACB-4688-8A76-A5E9F560FF1C}.Release|Any CPU.ActiveCfg = Release|Any CPU
		{ECAB2B9F-5ACB-4688-8A76-A5E9F560FF1C}.Release|Any CPU.Build.0 = Release|Any CPU
	EndGlobalSection
	GlobalSection(SolutionProperties) = preSolution
		HideSolutionNode = FALSE
	EndGlobalSection
	GlobalSection(ExtensibilityGlobals) = postSolution
		SolutionGuid = {EA5F78FA-B4EB-4EF6-87D3-B838DAD20422}
	EndGlobalSection
EndGlobal
